
Microsoft Visual Studio Solution File, Format Version 12.00
# Visual Studio Version 16
VisualStudioVersion = 16.0.30413.136
MinimumVisualStudioVersion = 10.0.40219.1
Project("{FAE04EC0-301F-11D3-BF4B-00C04F79EFBC}") = "MakeChange", "MakeChange\MakeChange.csproj", "{8BECD819-BBF6-4810-A9E2-B4A0B2339CD9}"
EndProject
Global
	GlobalSection(SolutionConfigurationPlatforms) = preSolution
		Debug|Any CPU = Debug|Any CPU
		Release|Any CPU = Release|Any CPU
	EndGlobalSection
	GlobalSection(ProjectConfigurationPlatforms) = postSolution
		{8BECD819-BBF6-4810-A9E2-B4A0B2339CD9}.Debug|Any CPU.ActiveCfg = Debug|Any CPU
		{8BECD819-BBF6-4810-A9E2-B4A0B2339CD9}.Debug|Any CPU.Build.0 = Debug|Any CPU
		{8BECD819-BBF6-4810-A9E2-B4A0B2339CD9}.Release|Any CPU.ActiveCfg = Release|Any CPU
		{8BECD819-BBF6-4810-A9E2-B4A0B2339CD9}.Release|Any CPU.Build.0 = Release|Any CPU
	EndGlobalSection
	GlobalSection(SolutionProperties) = preSolution
		HideSolutionNode = FALSE
	EndGlobalSection
	GlobalSection(ExtensibilityGlobals) = postSolution
		SolutionGuid = {B3F9C736-3D06-4879-8CC2-85CE309B9BB5}
	EndGlobalSection
EndGlobal
